
Microsoft Visual Studio Solution File, Format Version 12.00
# Visual Studio Version 16
VisualStudioVersion = 16.0.30413.136
MinimumVisualStudioVersion = 10.0.40219.1
Project("{FAE04EC0-301F-11D3-BF4B-00C04F79EFBC}") = "SuperheroesTriggers", "SuperheroesTriggers\SuperheroesTriggers.csproj", "{AEDF7265-2654-4809-8124-AF2D3D57BE35}"
EndProject
Global
	GlobalSection(SolutionConfigurationPlatforms) = preSolution
		Debug|Any CPU = Debug|Any CPU
		Release|Any CPU = Release|Any CPU
	EndGlobalSection
	GlobalSection(ProjectConfigurationPlatforms) = postSolution
		{AEDF7265-2654-4809-8124-AF2D3D57BE35}.Debug|Any CPU.ActiveCfg = Debug|Any CPU
		{AEDF7265-2654-4809-8124-AF2D3D57BE35}.Debug|Any CPU.Build.0 = Debug|Any CPU
		{AEDF7265-2654-4809-8124-AF2D3D57BE35}.Release|Any CPU.ActiveCfg = Release|Any CPU
		{AEDF7265-2654-4809-8124-AF2D3D57BE35}.Release|Any CPU.Build.0 = Release|Any CPU
	EndGlobalSection
	GlobalSection(SolutionProperties) = preSolution
		HideSolutionNode = FALSE
	EndGlobalSection
	GlobalSection(ExtensibilityGlobals) = postSolution
		SolutionGuid = {49AAAF4D-5AB4-4C41-BE2E-9670EBCC6F2A}
	EndGlobalSection
EndGlobal
